// !$*UTF8*$!
{
	archiveVersion = 1;
	classes = {
	};
	objectVersion = 56;
	objects = {

/* Begin PBXBuildFile section */
		A725BBDB2B021AA40078BBFB /* SettingsView.swift in Sources */ = {isa = PBXBuildFile; fileRef = A725BBDA2B021AA40078BBFB /* SettingsView.swift */; };
		A725BBDD2B0221BD0078BBFB /* SettingsViewController.swift in Sources */ = {isa = PBXBuildFile; fileRef = A725BBDC2B0221BD0078BBFB /* SettingsViewController.swift */; };
		A725BBDF2B02B6B60078BBFB /* UILabel+Ext.swift in Sources */ = {isa = PBXBuildFile; fileRef = A725BBDE2B02B6B60078BBFB /* UILabel+Ext.swift */; };
		A725BBE12B02B9DD0078BBFB /* UIStackView+Ext.swift in Sources */ = {isa = PBXBuildFile; fileRef = A725BBE02B02B9DD0078BBFB /* UIStackView+Ext.swift */; };
		A725BBE32B02BD7C0078BBFB /* UISlider+Ext.swift in Sources */ = {isa = PBXBuildFile; fileRef = A725BBE22B02BD7C0078BBFB /* UISlider+Ext.swift */; };
		CE79DA122AFE2BE00025ACA7 /* AppDelegate.swift in Sources */ = {isa = PBXBuildFile; fileRef = CE79DA112AFE2BE00025ACA7 /* AppDelegate.swift */; };
		CE79DA142AFE2BE00025ACA7 /* SceneDelegate.swift in Sources */ = {isa = PBXBuildFile; fileRef = CE79DA132AFE2BE00025ACA7 /* SceneDelegate.swift */; };
		CE79DA162AFE2BE00025ACA7 /* MenuViewController.swift in Sources */ = {isa = PBXBuildFile; fileRef = CE79DA152AFE2BE00025ACA7 /* MenuViewController.swift */; };
		CE79DA1B2AFE2BE10025ACA7 /* Assets.xcassets in Resources */ = {isa = PBXBuildFile; fileRef = CE79DA1A2AFE2BE10025ACA7 /* Assets.xcassets */; };
		CE79DA1E2AFE2BE10025ACA7 /* LaunchScreen.storyboard in Resources */ = {isa = PBXBuildFile; fileRef = CE79DA1C2AFE2BE10025ACA7 /* LaunchScreen.storyboard */; };
		CE79DA292AFE2E160025ACA7 /* Constants.swift in Sources */ = {isa = PBXBuildFile; fileRef = CE79DA282AFE2E160025ACA7 /* Constants.swift */; };
		CE79DA2B2AFE8B050025ACA7 /* MenuView.swift in Sources */ = {isa = PBXBuildFile; fileRef = CE79DA2A2AFE8B050025ACA7 /* MenuView.swift */; };
		CE79DA372B0355F30025ACA7 /* GameViewController.swift in Sources */ = {isa = PBXBuildFile; fileRef = CE79DA362B0355F30025ACA7 /* GameViewController.swift */; };
		CE79DA392B03EB100025ACA7 /* GameModel.swift in Sources */ = {isa = PBXBuildFile; fileRef = CE79DA382B03EB100025ACA7 /* GameModel.swift */; };
		CE79DA3C2B03EBC70025ACA7 /* GameStorage.xcdatamodeld in Sources */ = {isa = PBXBuildFile; fileRef = CE79DA3A2B03EBC70025ACA7 /* GameStorage.xcdatamodeld */; };
		CE79DA3F2B03FD9E0025ACA7 /* StatisticsViewController.swift in Sources */ = {isa = PBXBuildFile; fileRef = CE79DA3E2B03FD9E0025ACA7 /* StatisticsViewController.swift */; };
		CE79DA412B0403130025ACA7 /* GameResultTableViewCell.swift in Sources */ = {isa = PBXBuildFile; fileRef = CE79DA402B0403130025ACA7 /* GameResultTableViewCell.swift */; };
/* End PBXBuildFile section */

/* Begin PBXFileReference section */
		A725BBDA2B021AA40078BBFB /* SettingsView.swift */ = {isa = PBXFileReference; lastKnownFileType = sourcecode.swift; path = SettingsView.swift; sourceTree = "<group>"; };
		A725BBDC2B0221BD0078BBFB /* SettingsViewController.swift */ = {isa = PBXFileReference; lastKnownFileType = sourcecode.swift; path = SettingsViewController.swift; sourceTree = "<group>"; };
		A725BBDE2B02B6B60078BBFB /* UILabel+Ext.swift */ = {isa = PBXFileReference; lastKnownFileType = sourcecode.swift; path = "UILabel+Ext.swift"; sourceTree = "<group>"; };
		A725BBE02B02B9DD0078BBFB /* UIStackView+Ext.swift */ = {isa = PBXFileReference; lastKnownFileType = sourcecode.swift; path = "UIStackView+Ext.swift"; sourceTree = "<group>"; };
		A725BBE22B02BD7C0078BBFB /* UISlider+Ext.swift */ = {isa = PBXFileReference; lastKnownFileType = sourcecode.swift; path = "UISlider+Ext.swift"; sourceTree = "<group>"; };
		CE79DA0E2AFE2BE00025ACA7 /* Rainbow.app */ = {isa = PBXFileReference; explicitFileType = wrapper.application; includeInIndex = 0; path = Rainbow.app; sourceTree = BUILT_PRODUCTS_DIR; };
		CE79DA112AFE2BE00025ACA7 /* AppDelegate.swift */ = {isa = PBXFileReference; lastKnownFileType = sourcecode.swift; path = AppDelegate.swift; sourceTree = "<group>"; };
		CE79DA132AFE2BE00025ACA7 /* SceneDelegate.swift */ = {isa = PBXFileReference; lastKnownFileType = sourcecode.swift; path = SceneDelegate.swift; sourceTree = "<group>"; };
		CE79DA152AFE2BE00025ACA7 /* MenuViewController.swift */ = {isa = PBXFileReference; lastKnownFileType = sourcecode.swift; path = MenuViewController.swift; sourceTree = "<group>"; };
		CE79DA1A2AFE2BE10025ACA7 /* Assets.xcassets */ = {isa = PBXFileReference; lastKnownFileType = folder.assetcatalog; path = Assets.xcassets; sourceTree = "<group>"; };
		CE79DA1D2AFE2BE10025ACA7 /* Base */ = {isa = PBXFileReference; lastKnownFileType = file.storyboard; name = Base; path = Base.lproj/LaunchScreen.storyboard; sourceTree = "<group>"; };
		CE79DA1F2AFE2BE10025ACA7 /* Info.plist */ = {isa = PBXFileReference; lastKnownFileType = text.plist.xml; path = Info.plist; sourceTree = "<group>"; };
		CE79DA282AFE2E160025ACA7 /* Constants.swift */ = {isa = PBXFileReference; lastKnownFileType = sourcecode.swift; path = Constants.swift; sourceTree = "<group>"; };
		CE79DA2A2AFE8B050025ACA7 /* MenuView.swift */ = {isa = PBXFileReference; lastKnownFileType = sourcecode.swift; path = MenuView.swift; sourceTree = "<group>"; };
		CE79DA362B0355F30025ACA7 /* GameViewController.swift */ = {isa = PBXFileReference; lastKnownFileType = sourcecode.swift; path = GameViewController.swift; sourceTree = "<group>"; };
		CE79DA382B03EB100025ACA7 /* GameModel.swift */ = {isa = PBXFileReference; lastKnownFileType = sourcecode.swift; path = GameModel.swift; sourceTree = "<group>"; };
		CE79DA3B2B03EBC70025ACA7 /* GameStorage.xcdatamodel */ = {isa = PBXFileReference; lastKnownFileType = wrapper.xcdatamodel; path = GameStorage.xcdatamodel; sourceTree = "<group>"; };
		CE79DA3E2B03FD9E0025ACA7 /* StatisticsViewController.swift */ = {isa = PBXFileReference; lastKnownFileType = sourcecode.swift; path = StatisticsViewController.swift; sourceTree = "<group>"; };
		CE79DA402B0403130025ACA7 /* GameResultTableViewCell.swift */ = {isa = PBXFileReference; lastKnownFileType = sourcecode.swift; path = GameResultTableViewCell.swift; sourceTree = "<group>"; };
/* End PBXFileReference section */

/* Begin PBXFrameworksBuildPhase section */
		CE79DA0B2AFE2BE00025ACA7 /* Frameworks */ = {
			isa = PBXFrameworksBuildPhase;
			buildActionMask = 2147483647;
			files = (
			);
			runOnlyForDeploymentPostprocessing = 0;
		};
/* End PBXFrameworksBuildPhase section */

/* Begin PBXGroup section */
		A725BBD72B021A1A0078BBFB /* SettingsScreen */ = {
			isa = PBXGroup;
			children = (
				A725BBDC2B0221BD0078BBFB /* SettingsViewController.swift */,
				A725BBDA2B021AA40078BBFB /* SettingsView.swift */,
			);
			path = SettingsScreen;
			sourceTree = "<group>";
		};
		CE79DA052AFE2BE00025ACA7 = {
			isa = PBXGroup;
			children = (
				CE79DA102AFE2BE00025ACA7 /* Rainbow */,
				CE79DA0F2AFE2BE00025ACA7 /* Products */,
			);
			sourceTree = "<group>";
		};
		CE79DA0F2AFE2BE00025ACA7 /* Products */ = {
			isa = PBXGroup;
			children = (
				CE79DA0E2AFE2BE00025ACA7 /* Rainbow.app */,
			);
			name = Products;
			sourceTree = "<group>";
		};
		CE79DA102AFE2BE00025ACA7 /* Rainbow */ = {
			isa = PBXGroup;
			children = (
				CE79DA3D2B03FD710025ACA7 /* StatisticsScreen */,
				CE79DA352B0355E20025ACA7 /* GameScreen */,
				CE79DA252AFE2C7E0025ACA7 /* Application */,
				CE79DA272AFE2D950025ACA7 /* MenuScreen */,
				A725BBD72B021A1A0078BBFB /* SettingsScreen */,
				CE79DA262AFE2C8F0025ACA7 /* Supporting */,
			);
			path = Rainbow;
			sourceTree = "<group>";
		};
		CE79DA252AFE2C7E0025ACA7 /* Application */ = {
			isa = PBXGroup;
			children = (
				CE79DA112AFE2BE00025ACA7 /* AppDelegate.swift */,
				CE79DA132AFE2BE00025ACA7 /* SceneDelegate.swift */,
			);
			path = Application;
			sourceTree = "<group>";
		};
		CE79DA262AFE2C8F0025ACA7 /* Supporting */ = {
			isa = PBXGroup;
			children = (
				CE79DA282AFE2E160025ACA7 /* Constants.swift */,
				A725BBDE2B02B6B60078BBFB /* UILabel+Ext.swift */,
				A725BBE22B02BD7C0078BBFB /* UISlider+Ext.swift */,
				A725BBE02B02B9DD0078BBFB /* UIStackView+Ext.swift */,
				CE79DA1A2AFE2BE10025ACA7 /* Assets.xcassets */,
				CE79DA1F2AFE2BE10025ACA7 /* Info.plist */,
				CE79DA1C2AFE2BE10025ACA7 /* LaunchScreen.storyboard */,
				CE79DA3A2B03EBC70025ACA7 /* GameStorage.xcdatamodeld */,
			);
			path = Supporting;
			sourceTree = "<group>";
		};
		CE79DA272AFE2D950025ACA7 /* MenuScreen */ = {
			isa = PBXGroup;
			children = (
				CE79DA152AFE2BE00025ACA7 /* MenuViewController.swift */,
				CE79DA2A2AFE8B050025ACA7 /* MenuView.swift */,
			);
			path = MenuScreen;
			sourceTree = "<group>";
		};
		CE79DA352B0355E20025ACA7 /* GameScreen */ = {
			isa = PBXGroup;
			children = (
				CE79DA362B0355F30025ACA7 /* GameViewController.swift */,
				CE79DA382B03EB100025ACA7 /* GameModel.swift */,
			);
			path = GameScreen;
			sourceTree = "<group>";
		};
		CE79DA3D2B03FD710025ACA7 /* StatisticsScreen */ = {
			isa = PBXGroup;
			children = (
				CE79DA3E2B03FD9E0025ACA7 /* StatisticsViewController.swift */,
				CE79DA402B0403130025ACA7 /* GameResultTableViewCell.swift */,
			);
			path = StatisticsScreen;
			sourceTree = "<group>";
		};
/* End PBXGroup section */

/* Begin PBXNativeTarget section */
		CE79DA0D2AFE2BE00025ACA7 /* Rainbow */ = {
			isa = PBXNativeTarget;
			buildConfigurationList = CE79DA222AFE2BE10025ACA7 /* Build configuration list for PBXNativeTarget "Rainbow" */;
			buildPhases = (
				CE79DA0A2AFE2BE00025ACA7 /* Sources */,
				CE79DA0B2AFE2BE00025ACA7 /* Frameworks */,
				CE79DA0C2AFE2BE00025ACA7 /* Resources */,
			);
			buildRules = (
			);
			dependencies = (
			);
			name = Rainbow;
			productName = Rainbow;
			productReference = CE79DA0E2AFE2BE00025ACA7 /* Rainbow.app */;
			productType = "com.apple.product-type.application";
		};
/* End PBXNativeTarget section */

/* Begin PBXProject section */
		CE79DA062AFE2BE00025ACA7 /* Project object */ = {
			isa = PBXProject;
			attributes = {
				BuildIndependentTargetsInParallel = 1;
				LastSwiftUpdateCheck = 1430;
				LastUpgradeCheck = 1430;
				TargetAttributes = {
					CE79DA0D2AFE2BE00025ACA7 = {
						CreatedOnToolsVersion = 14.3;
					};
				};
			};
			buildConfigurationList = CE79DA092AFE2BE00025ACA7 /* Build configuration list for PBXProject "Rainbow" */;
			compatibilityVersion = "Xcode 14.0";
			developmentRegion = en;
			hasScannedForEncodings = 0;
			knownRegions = (
				en,
				Base,
			);
			mainGroup = CE79DA052AFE2BE00025ACA7;
			productRefGroup = CE79DA0F2AFE2BE00025ACA7 /* Products */;
			projectDirPath = "";
			projectRoot = "";
			targets = (
				CE79DA0D2AFE2BE00025ACA7 /* Rainbow */,
			);
		};
/* End PBXProject section */

/* Begin PBXResourcesBuildPhase section */
		CE79DA0C2AFE2BE00025ACA7 /* Resources */ = {
			isa = PBXResourcesBuildPhase;
			buildActionMask = 2147483647;
			files = (
				CE79DA1E2AFE2BE10025ACA7 /* LaunchScreen.storyboard in Resources */,
				CE79DA1B2AFE2BE10025ACA7 /* Assets.xcassets in Resources */,
			);
			runOnlyForDeploymentPostprocessing = 0;
		};
/* End PBXResourcesBuildPhase section */

/* Begin PBXSourcesBuildPhase section */
		CE79DA0A2AFE2BE00025ACA7 /* Sources */ = {
			isa = PBXSourcesBuildPhase;
			buildActionMask = 2147483647;
			files = (
				CE79DA412B0403130025ACA7 /* GameResultTableViewCell.swift in Sources */,
				CE79DA2B2AFE8B050025ACA7 /* MenuView.swift in Sources */,
				CE79DA162AFE2BE00025ACA7 /* MenuViewController.swift in Sources */,
				A725BBE32B02BD7C0078BBFB /* UISlider+Ext.swift in Sources */,
				A725BBDD2B0221BD0078BBFB /* SettingsViewController.swift in Sources */,
				CE79DA122AFE2BE00025ACA7 /* AppDelegate.swift in Sources */,
				A725BBDB2B021AA40078BBFB /* SettingsView.swift in Sources */,
				CE79DA142AFE2BE00025ACA7 /* SceneDelegate.swift in Sources */,
				A725BBE12B02B9DD0078BBFB /* UIStackView+Ext.swift in Sources */,
				A725BBDF2B02B6B60078BBFB /* UILabel+Ext.swift in Sources */,
				CE79DA372B0355F30025ACA7 /* GameViewController.swift in Sources */,
				CE79DA392B03EB100025ACA7 /* GameModel.swift in Sources */,
				CE79DA3F2B03FD9E0025ACA7 /* StatisticsViewController.swift in Sources */,
				CE79DA292AFE2E160025ACA7 /* Constants.swift in Sources */,
				CE79DA3C2B03EBC70025ACA7 /* GameStorage.xcdatamodeld in Sources */,
			);
			runOnlyForDeploymentPostprocessing = 0;
		};
/* End PBXSourcesBuildPhase section */

/* Begin PBXVariantGroup section */
		CE79DA1C2AFE2BE10025ACA7 /* LaunchScreen.storyboard */ = {
			isa = PBXVariantGroup;
			children = (
				CE79DA1D2AFE2BE10025ACA7 /* Base */,
			);
			name = LaunchScreen.storyboard;
			sourceTree = "<group>";
		};
/* End PBXVariantGroup section */

/* Begin XCBuildConfiguration section */
		CE79DA202AFE2BE10025ACA7 /* Debug */ = {
			isa = XCBuildConfiguration;
			buildSettings = {
				ALWAYS_SEARCH_USER_PATHS = NO;
				CLANG_ANALYZER_NONNULL = YES;
				CLANG_ANALYZER_NUMBER_OBJECT_CONVERSION = YES_AGGRESSIVE;
				CLANG_CXX_LANGUAGE_STANDARD = "gnu++20";
				CLANG_ENABLE_MODULES = YES;
				CLANG_ENABLE_OBJC_ARC = YES;
				CLANG_ENABLE_OBJC_WEAK = YES;
				CLANG_WARN_BLOCK_CAPTURE_AUTORELEASING = YES;
				CLANG_WARN_BOOL_CONVERSION = YES;
				CLANG_WARN_COMMA = YES;
				CLANG_WARN_CONSTANT_CONVERSION = YES;
				CLANG_WARN_DEPRECATED_OBJC_IMPLEMENTATIONS = YES;
				CLANG_WARN_DIRECT_OBJC_ISA_USAGE = YES_ERROR;
				CLANG_WARN_DOCUMENTATION_COMMENTS = YES;
				CLANG_WARN_EMPTY_BODY = YES;
				CLANG_WARN_ENUM_CONVERSION = YES;
				CLANG_WARN_INFINITE_RECURSION = YES;
				CLANG_WARN_INT_CONVERSION = YES;
				CLANG_WARN_NON_LITERAL_NULL_CONVERSION = YES;
				CLANG_WARN_OBJC_IMPLICIT_RETAIN_SELF = YES;
				CLANG_WARN_OBJC_LITERAL_CONVERSION = YES;
				CLANG_WARN_OBJC_ROOT_CLASS = YES_ERROR;
				CLANG_WARN_QUOTED_INCLUDE_IN_FRAMEWORK_HEADER = YES;
				CLANG_WARN_RANGE_LOOP_ANALYSIS = YES;
				CLANG_WARN_STRICT_PROTOTYPES = YES;
				CLANG_WARN_SUSPICIOUS_MOVE = YES;
				CLANG_WARN_UNGUARDED_AVAILABILITY = YES_AGGRESSIVE;
				CLANG_WARN_UNREACHABLE_CODE = YES;
				CLANG_WARN__DUPLICATE_METHOD_MATCH = YES;
				COPY_PHASE_STRIP = NO;
				DEBUG_INFORMATION_FORMAT = dwarf;
				ENABLE_STRICT_OBJC_MSGSEND = YES;
				ENABLE_TESTABILITY = YES;
				GCC_C_LANGUAGE_STANDARD = gnu11;
				GCC_DYNAMIC_NO_PIC = NO;
				GCC_NO_COMMON_BLOCKS = YES;
				GCC_OPTIMIZATION_LEVEL = 0;
				GCC_PREPROCESSOR_DEFINITIONS = (
					"DEBUG=1",
					"$(inherited)",
				);
				GCC_WARN_64_TO_32_BIT_CONVERSION = YES;
				GCC_WARN_ABOUT_RETURN_TYPE = YES_ERROR;
				GCC_WARN_UNDECLARED_SELECTOR = YES;
				GCC_WARN_UNINITIALIZED_AUTOS = YES_AGGRESSIVE;
				GCC_WARN_UNUSED_FUNCTION = YES;
				GCC_WARN_UNUSED_VARIABLE = YES;
				IPHONEOS_DEPLOYMENT_TARGET = 16.4;
				MTL_ENABLE_DEBUG_INFO = INCLUDE_SOURCE;
				MTL_FAST_MATH = YES;
				ONLY_ACTIVE_ARCH = YES;
				SDKROOT = iphoneos;
				SWIFT_ACTIVE_COMPILATION_CONDITIONS = DEBUG;
				SWIFT_OPTIMIZATION_LEVEL = "-Onone";
			};
			name = Debug;
		};
		CE79DA212AFE2BE10025ACA7 /* Release */ = {
			isa = XCBuildConfiguration;
			buildSettings = {
				ALWAYS_SEARCH_USER_PATHS = NO;
				CLANG_ANALYZER_NONNULL = YES;
				CLANG_ANALYZER_NUMBER_OBJECT_CONVERSION = YES_AGGRESSIVE;
				CLANG_CXX_LANGUAGE_STANDARD = "gnu++20";
				CLANG_ENABLE_MODULES = YES;
				CLANG_ENABLE_OBJC_ARC = YES;
				CLANG_ENABLE_OBJC_WEAK = YES;
				CLANG_WARN_BLOCK_CAPTURE_AUTORELEASING = YES;
				CLANG_WARN_BOOL_CONVERSION = YES;
				CLANG_WARN_COMMA = YES;
				CLANG_WARN_CONSTANT_CONVERSION = YES;
				CLANG_WARN_DEPRECATED_OBJC_IMPLEMENTATIONS = YES;
				CLANG_WARN_DIRECT_OBJC_ISA_USAGE = YES_ERROR;
				CLANG_WARN_DOCUMENTATION_COMMENTS = YES;
				CLANG_WARN_EMPTY_BODY = YES;
				CLANG_WARN_ENUM_CONVERSION = YES;
				CLANG_WARN_INFINITE_RECURSION = YES;
				CLANG_WARN_INT_CONVERSION = YES;
				CLANG_WARN_NON_LITERAL_NULL_CONVERSION = YES;
				CLANG_WARN_OBJC_IMPLICIT_RETAIN_SELF = YES;
				CLANG_WARN_OBJC_LITERAL_CONVERSION = YES;
				CLANG_WARN_OBJC_ROOT_CLASS = YES_ERROR;
				CLANG_WARN_QUOTED_INCLUDE_IN_FRAMEWORK_HEADER = YES;
				CLANG_WARN_RANGE_LOOP_ANALYSIS = YES;
				CLANG_WARN_STRICT_PROTOTYPES = YES;
				CLANG_WARN_SUSPICIOUS_MOVE = YES;
				CLANG_WARN_UNGUARDED_AVAILABILITY = YES_AGGRESSIVE;
				CLANG_WARN_UNREACHABLE_CODE = YES;
				CLANG_WARN__DUPLICATE_METHOD_MATCH = YES;
				COPY_PHASE_STRIP = NO;
				DEBUG_INFORMATION_FORMAT = "dwarf-with-dsym";
				ENABLE_NS_ASSERTIONS = NO;
				ENABLE_STRICT_OBJC_MSGSEND = YES;
				GCC_C_LANGUAGE_STANDARD = gnu11;
				GCC_NO_COMMON_BLOCKS = YES;
				GCC_WARN_64_TO_32_BIT_CONVERSION = YES;
				GCC_WARN_ABOUT_RETURN_TYPE = YES_ERROR;
				GCC_WARN_UNDECLARED_SELECTOR = YES;
				GCC_WARN_UNINITIALIZED_AUTOS = YES_AGGRESSIVE;
				GCC_WARN_UNUSED_FUNCTION = YES;
				GCC_WARN_UNUSED_VARIABLE = YES;
				IPHONEOS_DEPLOYMENT_TARGET = 16.4;
				MTL_ENABLE_DEBUG_INFO = NO;
				MTL_FAST_MATH = YES;
				SDKROOT = iphoneos;
				SWIFT_COMPILATION_MODE = wholemodule;
				SWIFT_OPTIMIZATION_LEVEL = "-O";
				VALIDATE_PRODUCT = YES;
			};
			name = Release;
		};
		CE79DA232AFE2BE10025ACA7 /* Debug */ = {
			isa = XCBuildConfiguration;
			buildSettings = {
				ASSETCATALOG_COMPILER_APPICON_NAME = AppIcon;
				ASSETCATALOG_COMPILER_GLOBAL_ACCENT_COLOR_NAME = AccentColor;
				CODE_SIGN_STYLE = Automatic;
				CURRENT_PROJECT_VERSION = 1;
				DEVELOPMENT_TEAM = Q32WAK9PQ6;
				GENERATE_INFOPLIST_FILE = YES;
				INFOPLIST_FILE = Rainbow/Supporting/Info.plist;
				INFOPLIST_KEY_UIApplicationSupportsIndirectInputEvents = YES;
				INFOPLIST_KEY_UILaunchStoryboardName = LaunchScreen;
				INFOPLIST_KEY_UISupportedInterfaceOrientations = UIInterfaceOrientationPortrait;
				IPHONEOS_DEPLOYMENT_TARGET = 15.0;
				LD_RUNPATH_SEARCH_PATHS = (
					"$(inherited)",
					"@executable_path/Frameworks",
				);
				MARKETING_VERSION = 1.0;
				PRODUCT_BUNDLE_IDENTIFIER = com.0011.Rainbow;
				PRODUCT_NAME = "$(TARGET_NAME)";
				SWIFT_EMIT_LOC_STRINGS = YES;
				SWIFT_VERSION = 5.0;
				TARGETED_DEVICE_FAMILY = 1;
			};
			name = Debug;
		};
		CE79DA242AFE2BE10025ACA7 /* Release */ = {
			isa = XCBuildConfiguration;
			buildSettings = {
				ASSETCATALOG_COMPILER_APPICON_NAME = AppIcon;
				ASSETCATALOG_COMPILER_GLOBAL_ACCENT_COLOR_NAME = AccentColor;
				CODE_SIGN_STYLE = Automatic;
				CURRENT_PROJECT_VERSION = 1;
				DEVELOPMENT_TEAM = Q32WAK9PQ6;
				GENERATE_INFOPLIST_FILE = YES;
				INFOPLIST_FILE = Rainbow/Supporting/Info.plist;
				INFOPLIST_KEY_UIApplicationSupportsIndirectInputEvents = YES;
				INFOPLIST_KEY_UILaunchStoryboardName = LaunchScreen;
				INFOPLIST_KEY_UISupportedInterfaceOrientations = UIInterfaceOrientationPortrait;
				IPHONEOS_DEPLOYMENT_TARGET = 15.0;
				LD_RUNPATH_SEARCH_PATHS = (
					"$(inherited)",
					"@executable_path/Frameworks",
				);
				MARKETING_VERSION = 1.0;
				PRODUCT_BUNDLE_IDENTIFIER = com.0011.Rainbow;
				PRODUCT_NAME = "$(TARGET_NAME)";
				SWIFT_EMIT_LOC_STRINGS = YES;
				SWIFT_VERSION = 5.0;
				TARGETED_DEVICE_FAMILY = 1;
			};
			name = Release;
		};
/* End XCBuildConfiguration section */

/* Begin XCConfigurationList section */
		CE79DA092AFE2BE00025ACA7 /* Build configuration list for PBXProject "Rainbow" */ = {
			isa = XCConfigurationList;
			buildConfigurations = (
				CE79DA202AFE2BE10025ACA7 /* Debug */,
				CE79DA212AFE2BE10025ACA7 /* Release */,
			);
			defaultConfigurationIsVisible = 0;
			defaultConfigurationName = Release;
		};
		CE79DA222AFE2BE10025ACA7 /* Build configuration list for PBXNativeTarget "Rainbow" */ = {
			isa = XCConfigurationList;
			buildConfigurations = (
				CE79DA232AFE2BE10025ACA7 /* Debug */,
				CE79DA242AFE2BE10025ACA7 /* Release */,
			);
			defaultConfigurationIsVisible = 0;
			defaultConfigurationName = Release;
		};
/* End XCConfigurationList section */

/* Begin XCVersionGroup section */
		CE79DA3A2B03EBC70025ACA7 /* GameStorage.xcdatamodeld */ = {
			isa = XCVersionGroup;
			children = (
				CE79DA3B2B03EBC70025ACA7 /* GameStorage.xcdatamodel */,
			);
			currentVersion = CE79DA3B2B03EBC70025ACA7 /* GameStorage.xcdatamodel */;
			path = GameStorage.xcdatamodeld;
			sourceTree = "<group>";
			versionGroupType = wrapper.xcdatamodel;
		};
/* End XCVersionGroup section */
	};
	rootObject = CE79DA062AFE2BE00025ACA7 /* Project object */;
}
